<?xml version="1.0" encoding="utf-8"?>
<Project ToolsVersion="4.0" xmlns="http://schemas.microsoft.com/developer/msbuild/2003">
  <ItemGroup>
    <ClCompile Include="..\src\main.cpp" />
    <ClCompile Include="..\src\game.cpp" />
    <ClCompile Include="..\src\TextureHolder.cpp" />
    <ClCompile Include="..\src\enumtest.cpp" />
    <ClCompile Include="..\src\imguiTools.cpp" />
    <ClCompile Include="..\src\utility.h" />
    <ClCompile Include="..\src\Random.cpp" />
    <ClCompile Include="..\src\InputRecorder.cpp" />
    <ClCompile Include="..\src\Hex.cpp" />
    <ClCompile Include="..\src\Entity.cpp" />
    <ClCompile Include="..\src\LuaScript.cpp" />
    <ClCompile Include="..\src\gl\GLSLProgram.cpp" />
    <ClCompile Include="..\src\fileSystem.cpp" />
    <ClCompile Include="..\src\simple_preprocessor.cpp" />
    <ClCompile Include="..\src\meta.cpp" />
    <ClCompile Include="Batch.cpp" />
  </ItemGroup>
  <ItemGroup>
    <ClInclude Include="..\src\game.h" />
    <ClInclude Include="..\src\TextureHolder.h" />
    <ClInclude Include="..\src\imguiTools.h" />
    <ClInclude Include="stb_sprintf.h" />
    <ClInclude Include="..\src\Random.h" />
    <ClInclude Include="..\src\Debug.h" />
    <ClInclude Include="..\src\Hex.h" />
    <ClInclude Include="..\src\Entity.h" />
    <ClInclude Include="..\src\LuaScript.h" />
    <ClInclude Include="..\src\LuaInclude.h" />
    <ClInclude Include="..\src\gl\GLSLProgram.h" />
    <ClInclude Include="..\src\gl\GLTexture.h" />
    <ClInclude Include="..\src\main.h" />
    <ClInclude Include="..\src\Tilemap.h" />
    <ClInclude Include="Algo\SLinkedList.h" />
    <ClInclude Include="..\src\fileSystem.h" />
    <ClInclude Include="..\src\core.h" />
    <ClInclude Include="..\src\meta.h" />
    <ClInclude Include="..\src\graph.h" />
    <ClInclude Include="..\src\array.h" />
    <ClInclude Include="..\src\stretchy_buffer.h" />
    <ClInclude Include="Batch.h" />
  </ItemGroup>
</Project>